
Microsoft Visual Studio Solution File, Format Version 12.00
# Visual Studio Version 17
VisualStudioVersion = 17.7.34221.43
MinimumVisualStudioVersion = 10.0.40219.1
Project("{FAE04EC0-301F-11D3-BF4B-00C04F79EFBC}") = "Calculadora", "Calculadora.csproj", "{37BB8EBD-2D62-4C37-8092-F740D058976F}"
EndProject
Global
	GlobalSection(SolutionConfigurationPlatforms) = preSolution
		Debug|Any CPU = Debug|Any CPU
		Release|Any CPU = Release|Any CPU
	EndGlobalSection
	GlobalSection(ProjectConfigurationPlatforms) = postSolution
		{37BB8EBD-2D62-4C37-8092-F740D058976F}.Debug|Any CPU.ActiveCfg = Debug|Any CPU
		{37BB8EBD-2D62-4C37-8092-F740D058976F}.Debug|Any CPU.Build.0 = Debug|Any CPU
		{37BB8EBD-2D62-4C37-8092-F740D058976F}.Release|Any CPU.ActiveCfg = Release|Any CPU
		{37BB8EBD-2D62-4C37-8092-F740D058976F}.Release|Any CPU.Build.0 = Release|Any CPU
	EndGlobalSection
	GlobalSection(SolutionProperties) = preSolution
		HideSolutionNode = FALSE
	EndGlobalSection
	GlobalSection(ExtensibilityGlobals) = postSolution
		SolutionGuid = {65AF25CD-0B8D-427E-8FF6-502F940C6F38}
	EndGlobalSection
EndGlobal
